
Microsoft Visual Studio Solution File, Format Version 12.00
# Visual Studio Version 16
VisualStudioVersion = 16.0.31321.278
MinimumVisualStudioVersion = 10.0.40219.1
Project("{F184B08F-C81C-45F6-A57F-5ABD9991F28F}") = "EverdriveGBAtoBatocera", "EverdriveGBAtoBatocera\EverdriveGBAtoBatocera.vbproj", "{6819BBEE-72A3-43C0-8F80-F1CD3F1EE94C}"
EndProject
Global
	GlobalSection(SolutionConfigurationPlatforms) = preSolution
		Debug|Any CPU = Debug|Any CPU
		Release|Any CPU = Release|Any CPU
	EndGlobalSection
	GlobalSection(ProjectConfigurationPlatforms) = postSolution
		{6819BBEE-72A3-43C0-8F80-F1CD3F1EE94C}.Debug|Any CPU.ActiveCfg = Debug|Any CPU
		{6819BBEE-72A3-43C0-8F80-F1CD3F1EE94C}.Debug|Any CPU.Build.0 = Debug|Any CPU
		{6819BBEE-72A3-43C0-8F80-F1CD3F1EE94C}.Release|Any CPU.ActiveCfg = Release|Any CPU
		{6819BBEE-72A3-43C0-8F80-F1CD3F1EE94C}.Release|Any CPU.Build.0 = Release|Any CPU
	EndGlobalSection
	GlobalSection(SolutionProperties) = preSolution
		HideSolutionNode = FALSE
	EndGlobalSection
	GlobalSection(ExtensibilityGlobals) = postSolution
		SolutionGuid = {5235D4E6-6C3C-47B5-AD95-126210281FA0}
	EndGlobalSection
EndGlobal
